
Microsoft Visual Studio Solution File, Format Version 12.00
# Visual Studio Version 17
VisualStudioVersion = 17.0.31903.59
MinimumVisualStudioVersion = 10.0.40219.1
Project("{FAE04EC0-301F-11D3-BF4B-00C04F79EFBC}") = "App1", "App1\App1.csproj", "{1CC3F698-976C-4F6D-A5CF-4D29F6111DB9}"
	ProjectSection(ProjectDependencies) = postProject
		{3424B704-D76C-4010-AF0F-B4B0F2475E26} = {3424B704-D76C-4010-AF0F-B4B0F2475E26}
	EndProjectSection
EndProject
Project("{FAE04EC0-301F-11D3-BF4B-00C04F79EFBC}") = "App2", "App2\App2.csproj", "{05A57B73-4E33-4022-A512-65AF873E13AD}"
EndProject
Project("{9A19103F-16F7-4668-BE54-9A1E7A4F7556}") = "SharedStorage", "SharedStorage\SharedStorage.csproj", "{3424B704-D76C-4010-AF0F-B4B0F2475E26}"
EndProject
Global
	GlobalSection(SolutionConfigurationPlatforms) = preSolution
		Debug|Any CPU = Debug|Any CPU
		Release|Any CPU = Release|Any CPU
	EndGlobalSection
	GlobalSection(ProjectConfigurationPlatforms) = postSolution
		{1CC3F698-976C-4F6D-A5CF-4D29F6111DB9}.Debug|Any CPU.ActiveCfg = Debug|Any CPU
		{1CC3F698-976C-4F6D-A5CF-4D29F6111DB9}.Debug|Any CPU.Build.0 = Debug|Any CPU
		{1CC3F698-976C-4F6D-A5CF-4D29F6111DB9}.Debug|Any CPU.Deploy.0 = Debug|Any CPU
		{1CC3F698-976C-4F6D-A5CF-4D29F6111DB9}.Release|Any CPU.ActiveCfg = Release|Any CPU
		{1CC3F698-976C-4F6D-A5CF-4D29F6111DB9}.Release|Any CPU.Build.0 = Release|Any CPU
		{1CC3F698-976C-4F6D-A5CF-4D29F6111DB9}.Release|Any CPU.Deploy.0 = Release|Any CPU
		{05A57B73-4E33-4022-A512-65AF873E13AD}.Debug|Any CPU.ActiveCfg = Debug|Any CPU
		{05A57B73-4E33-4022-A512-65AF873E13AD}.Debug|Any CPU.Build.0 = Debug|Any CPU
		{05A57B73-4E33-4022-A512-65AF873E13AD}.Debug|Any CPU.Deploy.0 = Debug|Any CPU
		{05A57B73-4E33-4022-A512-65AF873E13AD}.Release|Any CPU.ActiveCfg = Release|Any CPU
		{05A57B73-4E33-4022-A512-65AF873E13AD}.Release|Any CPU.Build.0 = Release|Any CPU
		{05A57B73-4E33-4022-A512-65AF873E13AD}.Release|Any CPU.Deploy.0 = Release|Any CPU
		{3424B704-D76C-4010-AF0F-B4B0F2475E26}.Debug|Any CPU.ActiveCfg = Debug|Any CPU
		{3424B704-D76C-4010-AF0F-B4B0F2475E26}.Debug|Any CPU.Build.0 = Debug|Any CPU
		{3424B704-D76C-4010-AF0F-B4B0F2475E26}.Release|Any CPU.ActiveCfg = Release|Any CPU
		{3424B704-D76C-4010-AF0F-B4B0F2475E26}.Release|Any CPU.Build.0 = Release|Any CPU
	EndGlobalSection
	GlobalSection(SolutionProperties) = preSolution
		HideSolutionNode = FALSE
	EndGlobalSection
	GlobalSection(ExtensibilityGlobals) = postSolution
		SolutionGuid = {16B2A578-0C2E-4C52-AAE9-71A9CBCBBA45}
	EndGlobalSection
EndGlobal
